{
  "name": "nodegh-io",
  "version": "0.0.0",
  "lockfileVersion": 1,
  "requires": true,
  "dependencies": {
    "bootstrap": {
      "version": "3.3.7",
      "resolved": "https://registry.npmjs.org/bootstrap/-/bootstrap-3.3.7.tgz",
      "integrity": "sha1-WjiTlFSfIzMIdaOxUGVldPip63E=",
      "dev": true
    },
    "bootstrap-sass": {
      "version": "3.3.7",
      "resolved": "https://registry.npmjs.org/bootstrap-sass/-/bootstrap-sass-3.3.7.tgz",
      "integrity": "sha1-ZZbHq0D2Y3OTMjqwvIDQZPxjBJg=",
      "dev": true
    },
    "electric-base-components": {
      "version": "2.0.2",
      "resolved": "https://registry.npmjs.org/electric-base-components/-/electric-base-components-2.0.2.tgz",
      "integrity": "sha512-rUlCkSgWwhh/O4oYFQetY7yiuh5rTUfmAy2W3dJ6Eg63UcNZlxRCIZpP8yXdslfzCc9qiS9Fj1cF82OqTFoN5g==",
      "dev": true,
      "requires": {
        "metal-affix": "2.0.0",
        "metal-ajax": "2.1.1",
        "metal-autocomplete": "2.1.0",
        "metal-clipboard": "2.0.0",
        "metal-reading-progress": "2.0.0",
        "metal-tabs": "2.3.1",
        "metal-toggler": "2.3.0",
        "metal-tooltip": "2.0.3"
      }
    },
    "electric-marble-components": {
      "version": "2.0.1",
      "resolved": "https://registry.npmjs.org/electric-marble-components/-/electric-marble-components-2.0.1.tgz",
      "integrity": "sha512-HnMAyFcf2aVNY+y7rAUOK/0A2dIM5GZntubsCl3bIsfWH0upzKlEjjMJgYR/gxUoKuvJOi82+6REFFUBS2b9Rw==",
      "dev": true,
      "requires": {
        "electric-base-components": "2.0.2"
      }
    },
    "incremental-dom": {
      "version": "0.5.1",
      "resolved": "https://registry.npmjs.org/incremental-dom/-/incremental-dom-0.5.1.tgz",
      "integrity": "sha1-UvRTnD6e7nzREqbaBS+3Fi/vsMM=",
      "dev": true
    },
    "incremental-dom-string": {
      "version": "0.0.2",
      "resolved": "https://registry.npmjs.org/incremental-dom-string/-/incremental-dom-string-0.0.2.tgz",
      "integrity": "sha512-vh6cTsw+fQNljhNg3/iDuawNjk79CS1sEqucal1DJY+aco/Mgpi+xjkUFMED41f6nzu1V0ialfC84wcW9nqZ2w==",
      "dev": true
    },
    "marble": {
      "version": "2.12.7",
      "resolved": "https://registry.npmjs.org/marble/-/marble-2.12.7.tgz",
      "integrity": "sha512-Y5j5zn5xxdVntLF7FBbLY0C6plgP2BQY3I5Sb7SgDCXRceY6PdRWBZZ9NQSfPbCoSYePt+rZH0OjUTUwWBsMHQ==",
      "dev": true,
      "requires": {
        "bootstrap-sass": "3.3.7",
        "mathsass": "0.9.5"
      }
    },
    "mathsass": {
      "version": "0.9.5",
      "resolved": "https://registry.npmjs.org/mathsass/-/mathsass-0.9.5.tgz",
      "integrity": "sha1-pj6+AiFx6vguPVe18q09aH40ej4=",
      "dev": true
    },
    "metal": {
      "version": "2.15.0",
      "resolved": "https://registry.npmjs.org/metal/-/metal-2.15.0.tgz",
      "integrity": "sha512-af5JO6hG3uJEBe3fzDh3VBBZYhaizapqx5L+SR40hdlQd8wXjTyjz/Xh5j6BmmHxygpNETqANAmMxSjl1yqfww==",
      "dev": true
    },
    "metal-affix": {
      "version": "2.0.0",
      "resolved": "https://registry.npmjs.org/metal-affix/-/metal-affix-2.0.0.tgz",
      "integrity": "sha1-FsTZFKYn0VIyoid2aRvyqxsM3jc=",
      "dev": true,
      "requires": {
        "metal": "2.15.0",
        "metal-dom": "2.15.0",
        "metal-events": "2.15.0",
        "metal-position": "2.1.0",
        "metal-state": "2.15.0"
      }
    },
    "metal-ajax": {
      "version": "2.1.1",
      "resolved": "https://registry.npmjs.org/metal-ajax/-/metal-ajax-2.1.1.tgz",
      "integrity": "sha512-r61ku32uivdaBd3joWrTiGV2kyG9Nvpt4gq4Npo/9MDWj2Tcm4xk2PZ7iKpIAF88JD4dwW+etjgK5Il3SzC9+g==",
      "dev": true,
      "requires": {
        "metal": "2.15.0",
        "metal-promise": "2.0.1",
        "metal-uri": "2.4.0"
      }
    },
    "metal-autocomplete": {
      "version": "2.1.0",
      "resolved": "https://registry.npmjs.org/metal-autocomplete/-/metal-autocomplete-2.1.0.tgz",
      "integrity": "sha1-G1BD6BFfUSnqmzlRGLSNn+WqyzA=",
      "dev": true,
      "requires": {
        "bootstrap": "3.3.7",
        "metal": "2.15.0",
        "metal-component": "2.15.0",
        "metal-debounce": "2.0.0",
        "metal-dom": "2.15.0",
        "metal-events": "2.15.0",
        "metal-list": "2.0.4",
        "metal-position": "2.1.0",
        "metal-promise": "2.0.1",
        "metal-soy": "2.15.1"
      }
    },
    "metal-clipboard": {
      "version": "2.0.0",
      "resolved": "https://registry.npmjs.org/metal-clipboard/-/metal-clipboard-2.0.0.tgz",
      "integrity": "sha1-wMmWova4H4QZfIbQ4iuBxmBe5fA=",
      "dev": true,
      "requires": {
        "metal": "2.15.0",
        "metal-dom": "2.15.0",
        "metal-state": "2.15.0"
      }
    },
    "metal-component": {
      "version": "2.15.0",
      "resolved": "https://registry.npmjs.org/metal-component/-/metal-component-2.15.0.tgz",
      "integrity": "sha512-D0sXO9EIsS+jPl7qCSLlj1j8YbHFQujDwyqQR0BiAv8Ddm1bOkPy5FO56weK3Imi/NtZhnywkkdt0CwE+47DOA==",
      "dev": true,
      "requires": {
        "metal": "2.15.0",
        "metal-dom": "2.15.0",
        "metal-events": "2.15.0",
        "metal-state": "2.15.0"
      }
    },
    "metal-debounce": {
      "version": "2.0.0",
      "resolved": "https://registry.npmjs.org/metal-debounce/-/metal-debounce-2.0.0.tgz",
      "integrity": "sha1-JM9lmo94hKWepDGeIQc0KT2U8K0=",
      "dev": true
    },
    "metal-dom": {
      "version": "2.15.0",
      "resolved": "https://registry.npmjs.org/metal-dom/-/metal-dom-2.15.0.tgz",
      "integrity": "sha512-c0J0p57X63LZMsBNQ4+4oNy3hEiWvWzY+JgvlYywuzOcLiKTLjA8Hqv6Nd3521QXMVxZLhRPyqxdijzN6EWxIg==",
      "dev": true,
      "requires": {
        "metal": "2.15.0",
        "metal-events": "2.15.0"
      }
    },
    "metal-events": {
      "version": "2.15.0",
      "resolved": "https://registry.npmjs.org/metal-events/-/metal-events-2.15.0.tgz",
      "integrity": "sha512-UlX2X+Q5vnaCLt747/l4UuivHM8FBSHYw4pjMsbWO/Ac3STCSu2tAicIND43tzCjsS8qvCAl3037BIY1y3FfWA==",
      "dev": true,
      "requires": {
        "metal": "2.15.0"
      }
    },
    "metal-incremental-dom": {
      "version": "2.15.1",
      "resolved": "https://registry.npmjs.org/metal-incremental-dom/-/metal-incremental-dom-2.15.1.tgz",
      "integrity": "sha512-JjMyHSETAdKsEXDpb/2bNBy0Q14cqEtHKazQC7mlD4bgoU/OVWOd30adWGJXqubWsSYJsA6kNqemZvXPhoidBw==",
      "dev": true,
      "requires": {
        "incremental-dom": "0.5.1",
        "incremental-dom-string": "0.0.2",
        "metal": "2.15.0",
        "metal-component": "2.15.0",
        "metal-dom": "2.15.0"
      }
    },
    "metal-keyboard-focus": {
      "version": "2.0.1",
      "resolved": "https://registry.npmjs.org/metal-keyboard-focus/-/metal-keyboard-focus-2.0.1.tgz",
      "integrity": "sha1-MjcExH2TtkD61ZmsZaDo3uWlBF8=",
      "dev": true,
      "requires": {
        "metal": "2.15.0",
        "metal-events": "2.15.0"
      }
    },
    "metal-list": {
      "version": "2.0.4",
      "resolved": "https://registry.npmjs.org/metal-list/-/metal-list-2.0.4.tgz",
      "integrity": "sha1-A4cIoyfMOkzuAahwgG6Ls0DToQI=",
      "dev": true,
      "requires": {
        "bootstrap": "3.3.7",
        "metal": "2.15.0",
        "metal-component": "2.15.0",
        "metal-dom": "2.15.0",
        "metal-soy": "2.15.1"
      }
    },
    "metal-position": {
      "version": "2.1.0",
      "resolved": "https://registry.npmjs.org/metal-position/-/metal-position-2.1.0.tgz",
      "integrity": "sha1-MdxzVhP55TznpTfhMCn8DpSP8IU=",
      "dev": true,
      "requires": {
        "metal": "2.15.0",
        "metal-dom": "2.15.0"
      }
    },
    "metal-promise": {
      "version": "2.0.1",
      "resolved": "https://registry.npmjs.org/metal-promise/-/metal-promise-2.0.1.tgz",
      "integrity": "sha1-KP9DIQ5MaeX/9R2/IB5K4v5vg9U=",
      "dev": true,
      "requires": {
        "metal": "2.15.0"
      }
    },
    "metal-reading-progress": {
      "version": "2.0.0",
      "resolved": "https://registry.npmjs.org/metal-reading-progress/-/metal-reading-progress-2.0.0.tgz",
      "integrity": "sha1-Kr93KnxznWJ5uQy5PeWC+lW5SA4=",
      "dev": true,
      "requires": {
        "metal-scrollspy": "2.0.0",
        "metal-soy": "2.15.1"
      }
    },
    "metal-scrollspy": {
      "version": "2.0.0",
      "resolved": "https://registry.npmjs.org/metal-scrollspy/-/metal-scrollspy-2.0.0.tgz",
      "integrity": "sha1-l7ISba+E4DzdjyeGmM4JA34cVHk=",
      "dev": true,
      "requires": {
        "bootstrap": "3.3.7",
        "metal": "2.15.0",
        "metal-dom": "2.15.0",
        "metal-position": "2.1.0",
        "metal-state": "2.15.0"
      }
    },
    "metal-soy": {
      "version": "2.15.1",
      "resolved": "https://registry.npmjs.org/metal-soy/-/metal-soy-2.15.1.tgz",
      "integrity": "sha512-6R4TdR4spowVi2aM45pgZ/MnohvxHTBtFs6IYy7G/jw+yzWVVdFeWzLYlu4qIykcQHNPI9DWTt+PARjoINRaEg==",
      "dev": true,
      "requires": {
        "metal": "2.15.0",
        "metal-component": "2.15.0",
        "metal-dom": "2.15.0",
        "metal-incremental-dom": "2.15.1",
        "metal-soy-bundle": "2.15.1",
        "metal-state": "2.15.0"
      }
    },
    "metal-soy-bundle": {
      "version": "2.15.1",
      "resolved": "https://registry.npmjs.org/metal-soy-bundle/-/metal-soy-bundle-2.15.1.tgz",
      "integrity": "sha512-HMPCoVHeZaSF9brbELBtw2BJTsf+dJ96goDiJsgxeC21FVy1YxmVUVRrfutiXfLxgJ63YqOWcj7rVsEAPQVU/Q==",
      "dev": true,
      "requires": {
        "metal-incremental-dom": "2.15.1"
      }
    },
    "metal-state": {
      "version": "2.15.0",
      "resolved": "https://registry.npmjs.org/metal-state/-/metal-state-2.15.0.tgz",
      "integrity": "sha512-OFAG7tF8E57s0u6UpHJc+cIGLWt5d88iAqgGbGOQPZtxuCtHue8vn/A3TpmGlpwjntK9//hO09DzTjemyYda1g==",
      "dev": true,
      "requires": {
        "metal": "2.15.0",
        "metal-events": "2.15.0"
      }
    },
    "metal-structs": {
      "version": "1.0.1",
      "resolved": "https://registry.npmjs.org/metal-structs/-/metal-structs-1.0.1.tgz",
      "integrity": "sha1-VIJy9xjunXKeMHm3Sj8SVBQ9t1s=",
      "dev": true,
      "requires": {
        "metal": "2.15.0"
      }
    },
    "metal-tabs": {
      "version": "2.3.1",
      "resolved": "https://registry.npmjs.org/metal-tabs/-/metal-tabs-2.3.1.tgz",
      "integrity": "sha512-xqt/bjzFt7ERsFwk39aaYeZBYcr5MEweXsiKHrloIXOtes8rG1rBEs0yrTjABXGDOa+EAMUERjpp7qyLBbvShQ==",
      "dev": true,
      "requires": {
        "metal-component": "2.15.0",
        "metal-keyboard-focus": "2.0.1",
        "metal-soy": "2.15.1"
      }
    },
    "metal-toggler": {
      "version": "2.3.0",
      "resolved": "https://registry.npmjs.org/metal-toggler/-/metal-toggler-2.3.0.tgz",
      "integrity": "sha512-kitJBmi7AJcIocANx8PekS9dhHajT98p8tdMKXcxsWLBGIlf0ZAg8jnO9mOpuUc3ILBrJvxxwWQLH0wo2xPO+Q==",
      "dev": true,
      "requires": {
        "bootstrap": "3.3.7",
        "metal": "2.15.0",
        "metal-dom": "2.15.0",
        "metal-events": "2.15.0",
        "metal-state": "2.15.0"
      }
    },
    "metal-tooltip": {
      "version": "2.0.3",
      "resolved": "https://registry.npmjs.org/metal-tooltip/-/metal-tooltip-2.0.3.tgz",
      "integrity": "sha1-FNJvszhgyB4A+DaWe0ivtdkQh1M=",
      "dev": true,
      "requires": {
        "bootstrap": "3.3.7",
        "metal": "2.15.0",
        "metal-component": "2.15.0",
        "metal-dom": "2.15.0",
        "metal-events": "2.15.0",
        "metal-position": "2.1.0",
        "metal-soy": "2.15.1"
      }
    },
    "metal-uri": {
      "version": "2.4.0",
      "resolved": "https://registry.npmjs.org/metal-uri/-/metal-uri-2.4.0.tgz",
      "integrity": "sha512-Fm2cYA8yKhK3Fz4rgajtYagqzYWrdsRTSnG2x6BAaMrQlmKB0s4gEdaxSlZ29XMlaur86D1DtTr9V1Pi0dDMjQ==",
      "dev": true,
      "requires": {
        "metal": "2.15.0",
        "metal-structs": "1.0.1",
        "path-browserify": "0.0.0",
        "url": "0.11.0"
      }
    },
    "path-browserify": {
      "version": "0.0.0",
      "resolved": "https://registry.npmjs.org/path-browserify/-/path-browserify-0.0.0.tgz",
      "integrity": "sha1-oLhwcpquIUAFt9UDLsLLuw+0RRo=",
      "dev": true
    },
    "punycode": {
      "version": "1.3.2",
      "resolved": "https://registry.npmjs.org/punycode/-/punycode-1.3.2.tgz",
      "integrity": "sha1-llOgNvt8HuQjQvIyXM7v6jkmxI0=",
      "dev": true
    },
    "querystring": {
      "version": "0.2.0",
      "resolved": "https://registry.npmjs.org/querystring/-/querystring-0.2.0.tgz",
      "integrity": "sha1-sgmEkgO7Jd+CDadW50cAWHhSFiA=",
      "dev": true
    },
    "url": {
      "version": "0.11.0",
      "resolved": "https://registry.npmjs.org/url/-/url-0.11.0.tgz",
      "integrity": "sha1-ODjpfPxgUh63PFJajlW/3Z4uKPE=",
      "dev": true,
      "requires": {
        "punycode": "1.3.2",
        "querystring": "0.2.0"
      }
    }
  }
}
